{
  "nodes": {
    "emacs-community": {
      "inputs": {
        "flake-utils": "flake-utils",
        "nixpkgs": "nixpkgs",
        "nixpkgs-stable": "nixpkgs-stable"
      },
      "locked": {
        "lastModified": 1700847529,
        "narHash": "sha256-jvTozEnNxaR7jvHc50eAfHoP8aN7+QPt1ETqr+raGSo=",
        "owner": "nix-community",
        "repo": "emacs-overlay",
        "rev": "d419c32b00f86aa2bdf56ad8e1f4516b796539b9",
        "type": "github"
      },
      "original": {
        "owner": "nix-community",
        "repo": "emacs-overlay",
        "type": "github"
      }
    },
    "flake-utils": {
      "inputs": {
        "systems": "systems"
      },
      "locked": {
        "lastModified": 1694529238,
        "narHash": "sha256-zsNZZGTGnMOf9YpHKJqMSsa0dXbfmxeoJ7xHlrt+xmY=",
        "owner": "numtide",
        "repo": "flake-utils",
        "rev": "ff7b65b44d01cf9ba6a71320833626af21126384",
        "type": "github"
      },
      "original": {
        "owner": "numtide",
        "repo": "flake-utils",
        "type": "github"
      }
    },
    "home-manager": {
      "inputs": {
        "nixpkgs": "nixpkgs_2"
      },
      "locked": {
        "lastModified": 1700847865,
        "narHash": "sha256-uWaOIemGl9LF813MW0AEgCBpKwFo2t1Wv3BZc6e5Frw=",
        "owner": "nix-community",
        "repo": "home-manager",
        "rev": "8cedd63eede4c22deb192f1721dd67e7460e1ebe",
        "type": "github"
      },
      "original": {
        "owner": "nix-community",
        "repo": "home-manager",
        "type": "github"
      }
    },
    "home-manager-static": {
      "inputs": {
        "nixpkgs": "nixpkgs_3"
      },
      "locked": {
        "lastModified": 1700392168,
        "narHash": "sha256-v5LprEFx3u4+1vmds9K0/i7sHjT0IYGs7u9v54iz/OA=",
        "owner": "nix-community",
        "repo": "home-manager",
        "rev": "28535c3a34d79071f2ccb68671971ce0c0984d7e",
        "type": "github"
      },
      "original": {
        "owner": "nix-community",
        "ref": "release-23.05",
        "repo": "home-manager",
        "type": "github"
      }
    },
    "nixos-hardware": {
      "locked": {
        "lastModified": 1700559156,
        "narHash": "sha256-gL4epO/qf+wo30JjC3g+b5Bs8UrpxzkhNBBsUYxpw2g=",
        "owner": "nixos",
        "repo": "nixos-hardware",
        "rev": "c3abafb01cd7045dba522af29b625bd1e170c2fb",
        "type": "github"
      },
      "original": {
        "owner": "nixos",
        "repo": "nixos-hardware",
        "type": "github"
      }
    },
    "nixpkgs": {
      "locked": {
        "lastModified": 1700612854,
        "narHash": "sha256-yrQ8osMD+vDLGFX7pcwsY/Qr5PUd6OmDMYJZzZi0+zc=",
        "owner": "NixOS",
        "repo": "nixpkgs",
        "rev": "19cbff58383a4ae384dea4d1d0c823d72b49d614",
        "type": "github"
      },
      "original": {
        "owner": "NixOS",
        "ref": "nixos-unstable",
        "repo": "nixpkgs",
        "type": "github"
      }
    },
    "nixpkgs-stable": {
      "locked": {
        "lastModified": 1700678569,
        "narHash": "sha256-2Ki+2UvOidxEb3xB4ADqlbPQ2BZOF4uZMR094O8or2I=",
        "owner": "NixOS",
        "repo": "nixpkgs",
        "rev": "8f1180704ac35baded1a74164365ac7cdfba6f38",
        "type": "github"
      },
      "original": {
        "owner": "NixOS",
        "ref": "nixos-23.05",
        "repo": "nixpkgs",
        "type": "github"
      }
    },
    "nixpkgs-stable_2": {
      "locked": {
        "lastModified": 1700342017,
        "narHash": "sha256-HaibwlWH5LuqsaibW3sIVjZQtEM/jWtOHX4Nk93abGE=",
        "owner": "NixOS",
        "repo": "nixpkgs",
        "rev": "decdf666c833a325cb4417041a90681499e06a41",
        "type": "github"
      },
      "original": {
        "owner": "NixOS",
        "ref": "release-23.05",
        "repo": "nixpkgs",
        "type": "github"
      }
    },
    "nixpkgs-static": {
      "locked": {
        "lastModified": 1700678569,
        "narHash": "sha256-2Ki+2UvOidxEb3xB4ADqlbPQ2BZOF4uZMR094O8or2I=",
        "owner": "nixos",
        "repo": "nixpkgs",
        "rev": "8f1180704ac35baded1a74164365ac7cdfba6f38",
        "type": "github"
      },
      "original": {
        "owner": "nixos",
        "ref": "nixos-23.05",
        "repo": "nixpkgs",
        "type": "github"
      }
    },
    "nixpkgs_2": {
      "locked": {
        "lastModified": 1700204040,
        "narHash": "sha256-xSVcS5HBYnD3LTer7Y2K8ZQCDCXMa3QUD1MzRjHzuhI=",
        "owner": "NixOS",
        "repo": "nixpkgs",
        "rev": "c757e9bd77b16ca2e03c89bf8bc9ecb28e0c06ad",
        "type": "github"
      },
      "original": {
        "owner": "NixOS",
        "ref": "nixos-unstable",
        "repo": "nixpkgs",
        "type": "github"
      }
    },
    "nixpkgs_3": {
      "locked": {
        "lastModified": 1687466461,
        "narHash": "sha256-oupXI7g7RPzlpGUfAu1xG4KBK53GrZH8/xeKgKDB4+Q=",
        "owner": "nixos",
        "repo": "nixpkgs",
        "rev": "ecb441f22067ba1d6312f4932a7c64efa8d19a7b",
        "type": "github"
      },
      "original": {
        "owner": "nixos",
        "ref": "nixos-23.05",
        "repo": "nixpkgs",
        "type": "github"
      }
    },
    "nixpkgs_4": {
      "locked": {
        "lastModified": 1700612854,
        "narHash": "sha256-yrQ8osMD+vDLGFX7pcwsY/Qr5PUd6OmDMYJZzZi0+zc=",
        "owner": "nixos",
        "repo": "nixpkgs",
        "rev": "19cbff58383a4ae384dea4d1d0c823d72b49d614",
        "type": "github"
      },
      "original": {
        "owner": "nixos",
        "ref": "nixos-unstable",
        "repo": "nixpkgs",
        "type": "github"
      }
    },
    "nixpkgs_5": {
      "locked": {
        "lastModified": 1700108881,
        "narHash": "sha256-+Lqybl8kj0+nD/IlAWPPG/RDTa47gff9nbei0u7BntE=",
        "owner": "NixOS",
        "repo": "nixpkgs",
        "rev": "7414e9ee0b3e9903c24d3379f577a417f0aae5f1",
        "type": "github"
      },
      "original": {
        "owner": "NixOS",
        "ref": "nixpkgs-unstable",
        "repo": "nixpkgs",
        "type": "github"
      }
    },
    "nur": {
      "locked": {
        "lastModified": 1700855055,
        "narHash": "sha256-QKjcrEntfghcXBsrenDE46OxaF/4YQVStAQfyDOQcPA=",
        "owner": "nix-community",
        "repo": "NUR",
        "rev": "ebf2c68214f10ee5b9372ae4960a7b54af514bd3",
        "type": "github"
      },
      "original": {
        "owner": "nix-community",
        "repo": "NUR",
        "type": "github"
      }
    },
    "root": {
      "inputs": {
        "emacs-community": "emacs-community",
        "home-manager": "home-manager",
        "home-manager-static": "home-manager-static",
        "nixos-hardware": "nixos-hardware",
        "nixpkgs": "nixpkgs_4",
        "nixpkgs-static": "nixpkgs-static",
        "nur": "nur",
        "sops-nix": "sops-nix"
      }
    },
    "sops-nix": {
      "inputs": {
        "nixpkgs": "nixpkgs_5",
        "nixpkgs-stable": "nixpkgs-stable_2"
      },
      "locked": {
        "lastModified": 1700362823,
        "narHash": "sha256-/H7XgvrYM0IbkpWkcdfkOH0XyBM5ewSWT1UtaLvOgKY=",
        "owner": "Mic92",
        "repo": "sops-nix",
        "rev": "49a87c6c827ccd21c225531e30745a9a6464775c",
        "type": "github"
      },
      "original": {
        "owner": "Mic92",
        "repo": "sops-nix",
        "type": "github"
      }
    },
    "systems": {
      "locked": {
        "lastModified": 1681028828,
        "narHash": "sha256-Vy1rq5AaRuLzOxct8nz4T6wlgyUR7zLU309k9mBC768=",
        "owner": "nix-systems",
        "repo": "default",
        "rev": "da67096a3b9bf56a91d16901293e51ba5b49a27e",
        "type": "github"
      },
      "original": {
        "owner": "nix-systems",
        "repo": "default",
        "type": "github"
      }
    }
  },
  "root": "root",
  "version": 7
}
